
Microsoft Visual Studio Solution File, Format Version 12.00
# Visual Studio Version 17
VisualStudioVersion = 17.2.32630.192
MinimumVisualStudioVersion = 10.0.40219.1
Project("{FAE04EC0-301F-11D3-BF4B-00C04F79EFBC}") = "APIEstatisticasStacks", "APIEstatisticasStacks\APIEstatisticasStacks.csproj", "{C97F4DE1-4A4C-494B-BF2E-E768861F3E2F}"
EndProject
Project("{FAE04EC0-301F-11D3-BF4B-00C04F79EFBC}") = "APIEstatisticasStacks.Business", "APIEstatisticasStacks.Business\APIEstatisticasStacks.Business.csproj", "{6A262AFB-15AB-486B-9A34-C4192A35C125}"
EndProject
Project("{FAE04EC0-301F-11D3-BF4B-00C04F79EFBC}") = "APIEstatisticasStacks.Repository", "APIEstatisticasStacks.Repository\APIEstatisticasStacks.Repository.csproj", "{A53EF289-EBD0-4AC5-B02F-F54B3E867171}"
EndProject
Global
	GlobalSection(SolutionConfigurationPlatforms) = preSolution
		Debug|Any CPU = Debug|Any CPU
		Release|Any CPU = Release|Any CPU
	EndGlobalSection
	GlobalSection(ProjectConfigurationPlatforms) = postSolution
		{C97F4DE1-4A4C-494B-BF2E-E768861F3E2F}.Debug|Any CPU.ActiveCfg = Debug|Any CPU
		{C97F4DE1-4A4C-494B-BF2E-E768861F3E2F}.Debug|Any CPU.Build.0 = Debug|Any CPU
		{C97F4DE1-4A4C-494B-BF2E-E768861F3E2F}.Release|Any CPU.ActiveCfg = Release|Any CPU
		{C97F4DE1-4A4C-494B-BF2E-E768861F3E2F}.Release|Any CPU.Build.0 = Release|Any CPU
		{6A262AFB-15AB-486B-9A34-C4192A35C125}.Debug|Any CPU.ActiveCfg = Debug|Any CPU
		{6A262AFB-15AB-486B-9A34-C4192A35C125}.Debug|Any CPU.Build.0 = Debug|Any CPU
		{6A262AFB-15AB-486B-9A34-C4192A35C125}.Release|Any CPU.ActiveCfg = Release|Any CPU
		{6A262AFB-15AB-486B-9A34-C4192A35C125}.Release|Any CPU.Build.0 = Release|Any CPU
		{A53EF289-EBD0-4AC5-B02F-F54B3E867171}.Debug|Any CPU.ActiveCfg = Debug|Any CPU
		{A53EF289-EBD0-4AC5-B02F-F54B3E867171}.Debug|Any CPU.Build.0 = Debug|Any CPU
		{A53EF289-EBD0-4AC5-B02F-F54B3E867171}.Release|Any CPU.ActiveCfg = Release|Any CPU
		{A53EF289-EBD0-4AC5-B02F-F54B3E867171}.Release|Any CPU.Build.0 = Release|Any CPU
	EndGlobalSection
	GlobalSection(SolutionProperties) = preSolution
		HideSolutionNode = FALSE
	EndGlobalSection
	GlobalSection(ExtensibilityGlobals) = postSolution
		SolutionGuid = {4144EF43-30E8-4106-A5ED-16119B0F1EE0}
	EndGlobalSection
EndGlobal
